
Microsoft Visual Studio Solution File, Format Version 12.00
# Visual Studio Version 17
VisualStudioVersion = 17.11.35327.3
MinimumVisualStudioVersion = 10.0.40219.1
Project("{FAE04EC0-301F-11D3-BF4B-00C04F79EFBC}") = "YALB.Api", "YALB.Api\YALB.Api.csproj", "{C197BC9C-2F82-4385-815B-FFFB25C195D0}"
EndProject
Project("{FAE04EC0-301F-11D3-BF4B-00C04F79EFBC}") = "YALB.LoadBalancer", "YALB.LoadBalancer\YALB.LoadBalancer.csproj", "{39E0ACC5-9176-435D-A92C-4508DE07CCCE}"
EndProject
Project("{E53339B2-1760-4266-BCC7-CA923CBCF16C}") = "docker-compose", "docker-compose.dcproj", "{2BCB3CD1-5501-476A-99D1-09539862B3E6}"
EndProject
Global
	GlobalSection(SolutionConfigurationPlatforms) = preSolution
		Debug|Any CPU = Debug|Any CPU
		Release|Any CPU = Release|Any CPU
	EndGlobalSection
	GlobalSection(ProjectConfigurationPlatforms) = postSolution
		{C197BC9C-2F82-4385-815B-FFFB25C195D0}.Debug|Any CPU.ActiveCfg = Debug|Any CPU
		{C197BC9C-2F82-4385-815B-FFFB25C195D0}.Debug|Any CPU.Build.0 = Debug|Any CPU
		{C197BC9C-2F82-4385-815B-FFFB25C195D0}.Release|Any CPU.ActiveCfg = Release|Any CPU
		{C197BC9C-2F82-4385-815B-FFFB25C195D0}.Release|Any CPU.Build.0 = Release|Any CPU
		{39E0ACC5-9176-435D-A92C-4508DE07CCCE}.Debug|Any CPU.ActiveCfg = Debug|Any CPU
		{39E0ACC5-9176-435D-A92C-4508DE07CCCE}.Debug|Any CPU.Build.0 = Debug|Any CPU
		{39E0ACC5-9176-435D-A92C-4508DE07CCCE}.Release|Any CPU.ActiveCfg = Release|Any CPU
		{39E0ACC5-9176-435D-A92C-4508DE07CCCE}.Release|Any CPU.Build.0 = Release|Any CPU
		{2BCB3CD1-5501-476A-99D1-09539862B3E6}.Debug|Any CPU.ActiveCfg = Debug|Any CPU
		{2BCB3CD1-5501-476A-99D1-09539862B3E6}.Debug|Any CPU.Build.0 = Debug|Any CPU
		{2BCB3CD1-5501-476A-99D1-09539862B3E6}.Release|Any CPU.ActiveCfg = Release|Any CPU
		{2BCB3CD1-5501-476A-99D1-09539862B3E6}.Release|Any CPU.Build.0 = Release|Any CPU
	EndGlobalSection
	GlobalSection(SolutionProperties) = preSolution
		HideSolutionNode = FALSE
	EndGlobalSection
	GlobalSection(ExtensibilityGlobals) = postSolution
		SolutionGuid = {891EEA97-3BDC-4F60-A98F-0E4621489E12}
	EndGlobalSection
EndGlobal
